
Microsoft Visual Studio Solution File, Format Version 12.00
# Visual Studio Version 17
VisualStudioVersion = 17.5.002.0
MinimumVisualStudioVersion = 10.0.40219.1
Project("{9A19103F-16F7-4668-BE54-9A1E7A4F7556}") = "primeiro-desafio-com-poo", "primeiro-desafio-com-poo.csproj", "{1CD8A44B-7B7D-48C6-8253-A83472B65914}"
EndProject
Global
	GlobalSection(SolutionConfigurationPlatforms) = preSolution
		Debug|Any CPU = Debug|Any CPU
		Release|Any CPU = Release|Any CPU
	EndGlobalSection
	GlobalSection(ProjectConfigurationPlatforms) = postSolution
		{1CD8A44B-7B7D-48C6-8253-A83472B65914}.Debug|Any CPU.ActiveCfg = Debug|Any CPU
		{1CD8A44B-7B7D-48C6-8253-A83472B65914}.Debug|Any CPU.Build.0 = Debug|Any CPU
		{1CD8A44B-7B7D-48C6-8253-A83472B65914}.Release|Any CPU.ActiveCfg = Release|Any CPU
		{1CD8A44B-7B7D-48C6-8253-A83472B65914}.Release|Any CPU.Build.0 = Release|Any CPU
	EndGlobalSection
	GlobalSection(SolutionProperties) = preSolution
		HideSolutionNode = FALSE
	EndGlobalSection
	GlobalSection(ExtensibilityGlobals) = postSolution
		SolutionGuid = {E0F9CD04-1B33-44D6-9542-E67A852EA5A2}
	EndGlobalSection
EndGlobal
